
Microsoft Visual Studio Solution File, Format Version 12.00
# Visual Studio Version 16
VisualStudioVersion = 16.0.29709.97
MinimumVisualStudioVersion = 10.0.40219.1
Project("{2150E333-8FDC-42A3-9474-1A3956D46DE8}") = "framework", "framework", "{C60C3507-ADB2-4FD5-ABDE-BE487E058126}"
EndProject
Project("{2150E333-8FDC-42A3-9474-1A3956D46DE8}") = "modules", "modules", "{67D60814-46F1-4427-8B98-02286347D260}"
EndProject
Project("{2150E333-8FDC-42A3-9474-1A3956D46DE8}") = "cleanarchitecture", "cleanarchitecture", "{ADC8C00A-4430-4C57-BAD8-23666F5BF156}"
EndProject
Project("{2150E333-8FDC-42A3-9474-1A3956D46DE8}") = "identity", "identity", "{ADB69C51-3241-4D53-9407-268EEFBAA686}"
EndProject
Project("{9A19103F-16F7-4668-BE54-9A1E7A4F7556}") = "Oyang.Identity.Domain", "modules\identity\Oyang.Identity.Domain\Oyang.Identity.Domain.csproj", "{607BF692-918D-4E70-8F00-ED986DC8A647}"
EndProject
Project("{9A19103F-16F7-4668-BE54-9A1E7A4F7556}") = "Oyang.Identity.Application", "modules\identity\Oyang.Identity.Application\Oyang.Identity.Application.csproj", "{04E73863-EE8A-4123-83F2-BE89A0A7DF0E}"
EndProject
Project("{9A19103F-16F7-4668-BE54-9A1E7A4F7556}") = "Oyang.Identity.Infrastructure", "modules\identity\Oyang.Identity.Infrastructure\Oyang.Identity.Infrastructure.csproj", "{641C2293-43DF-4E4F-AC15-4A3FC844AE61}"
EndProject
Project("{9A19103F-16F7-4668-BE54-9A1E7A4F7556}") = "Oyang.Identity.Web", "modules\identity\Oyang.Identity.Web\Oyang.Identity.Web.csproj", "{31B69561-4B6F-44BA-94E3-6D97C3A85F01}"
EndProject
Project("{9A19103F-16F7-4668-BE54-9A1E7A4F7556}") = "ApplicationCore", "modules\cleanarchitecture\ApplicationCore\ApplicationCore.csproj", "{245EBD24-E80F-4BC6-9A3B-BA9D7F55E121}"
EndProject
Project("{9A19103F-16F7-4668-BE54-9A1E7A4F7556}") = "Infrastructure", "modules\cleanarchitecture\Infrastructure\Infrastructure.csproj", "{CE1ED462-F7F9-46AC-B738-9BE04C0CCAD6}"
EndProject
Project("{9A19103F-16F7-4668-BE54-9A1E7A4F7556}") = "WebApplication", "modules\cleanarchitecture\WebApplication\WebApplication.csproj", "{1BC1F79E-0E17-4CDC-8731-78DB84FB0659}"
EndProject
Project("{9A19103F-16F7-4668-BE54-9A1E7A4F7556}") = "Oyang.Identity.BlazorApp", "modules\identity\Oyang.Identity.BlazorApp\Oyang.Identity.BlazorApp.csproj", "{D495ADD3-743F-482A-89FD-2C01A37DBDC3}"
EndProject
Project("{2150E333-8FDC-42A3-9474-1A3956D46DE8}") = "scmc", "scmc", "{A92F1D0B-4235-45B2-8626-75448F0DAC8C}"
EndProject
Project("{9A19103F-16F7-4668-BE54-9A1E7A4F7556}") = "Oyang.Scmc.BlazorServerApp", "modules\scmc\Oyang.Scmc.BlazorServerApp\Oyang.Scmc.BlazorServerApp.csproj", "{A92F8D41-5C46-49B0-8CA5-6567845D74E9}"
EndProject
Project("{2150E333-8FDC-42A3-9474-1A3956D46DE8}") = "blazor", "blazor", "{6F28D62A-9B69-4078-91AE-9436406604AD}"
EndProject
Project("{9A19103F-16F7-4668-BE54-9A1E7A4F7556}") = "Oyang.Blazor.Components", "modules\blazor\Oyang.Blazor.Components\Oyang.Blazor.Components.csproj", "{6C5146AC-DC85-4C9C-89D5-8EBF90D02AD2}"
EndProject
Project("{9A19103F-16F7-4668-BE54-9A1E7A4F7556}") = "Oyang.Blazor.Components.BlazorApp", "modules\blazor\Oyang.Blazor.Components.BlazorApp\Oyang.Blazor.Components.BlazorApp.csproj", "{3A19EA76-6E8C-4CC0-8706-9D5DC0D91276}"
EndProject
Project("{2150E333-8FDC-42A3-9474-1A3956D46DE8}") = "ddd", "ddd", "{F4219570-E95C-4D61-A9E7-B2AD4193CBA1}"
EndProject
Project("{9A19103F-16F7-4668-BE54-9A1E7A4F7556}") = "Oyang.Ddd.Domain", "modules\ddd\Oyang.Ddd.Domain\Oyang.Ddd.Domain.csproj", "{CC4B6C90-8731-4DA4-9355-1566D0C3A930}"
EndProject
Project("{9A19103F-16F7-4668-BE54-9A1E7A4F7556}") = "Oyang.Ddd.Application", "modules\ddd\Oyang.Ddd.Application\Oyang.Ddd.Application.csproj", "{A962F4F0-3DEF-4CA6-90EA-9A0BB2F704A3}"
EndProject
Project("{9A19103F-16F7-4668-BE54-9A1E7A4F7556}") = "Oyang.Ddd.Infrastructure", "modules\ddd\Oyang.Ddd.Infrastructure\Oyang.Ddd.Infrastructure.csproj", "{0EFC7589-176F-4ADB-87BB-04C5AEC4B8B9}"
EndProject
Project("{2150E333-8FDC-42A3-9474-1A3956D46DE8}") = "test", "test", "{F79CF3AE-5D17-466A-A0DB-99446B123B9F}"
EndProject
Project("{FAE04EC0-301F-11D3-BF4B-00C04F79EFBC}") = "Oyang.Test.ConsoleApp1", "modules\test\Oyang.Test.ConsoleApp1\Oyang.Test.ConsoleApp1.csproj", "{2B2018E5-289B-4A4F-8BDC-5C9BA3ABC29F}"
EndProject
Global
	GlobalSection(SolutionConfigurationPlatforms) = preSolution
		Debug|Any CPU = Debug|Any CPU
		Release|Any CPU = Release|Any CPU
	EndGlobalSection
	GlobalSection(ProjectConfigurationPlatforms) = postSolution
		{607BF692-918D-4E70-8F00-ED986DC8A647}.Debug|Any CPU.ActiveCfg = Debug|Any CPU
		{607BF692-918D-4E70-8F00-ED986DC8A647}.Debug|Any CPU.Build.0 = Debug|Any CPU
		{607BF692-918D-4E70-8F00-ED986DC8A647}.Release|Any CPU.ActiveCfg = Release|Any CPU
		{607BF692-918D-4E70-8F00-ED986DC8A647}.Release|Any CPU.Build.0 = Release|Any CPU
		{04E73863-EE8A-4123-83F2-BE89A0A7DF0E}.Debug|Any CPU.ActiveCfg = Debug|Any CPU
		{04E73863-EE8A-4123-83F2-BE89A0A7DF0E}.Debug|Any CPU.Build.0 = Debug|Any CPU
		{04E73863-EE8A-4123-83F2-BE89A0A7DF0E}.Release|Any CPU.ActiveCfg = Release|Any CPU
		{04E73863-EE8A-4123-83F2-BE89A0A7DF0E}.Release|Any CPU.Build.0 = Release|Any CPU
		{641C2293-43DF-4E4F-AC15-4A3FC844AE61}.Debug|Any CPU.ActiveCfg = Debug|Any CPU
		{641C2293-43DF-4E4F-AC15-4A3FC844AE61}.Debug|Any CPU.Build.0 = Debug|Any CPU
		{641C2293-43DF-4E4F-AC15-4A3FC844AE61}.Release|Any CPU.ActiveCfg = Release|Any CPU
		{641C2293-43DF-4E4F-AC15-4A3FC844AE61}.Release|Any CPU.Build.0 = Release|Any CPU
		{31B69561-4B6F-44BA-94E3-6D97C3A85F01}.Debug|Any CPU.ActiveCfg = Debug|Any CPU
		{31B69561-4B6F-44BA-94E3-6D97C3A85F01}.Debug|Any CPU.Build.0 = Debug|Any CPU
		{31B69561-4B6F-44BA-94E3-6D97C3A85F01}.Release|Any CPU.ActiveCfg = Release|Any CPU
		{31B69561-4B6F-44BA-94E3-6D97C3A85F01}.Release|Any CPU.Build.0 = Release|Any CPU
		{245EBD24-E80F-4BC6-9A3B-BA9D7F55E121}.Debug|Any CPU.ActiveCfg = Debug|Any CPU
		{245EBD24-E80F-4BC6-9A3B-BA9D7F55E121}.Debug|Any CPU.Build.0 = Debug|Any CPU
		{245EBD24-E80F-4BC6-9A3B-BA9D7F55E121}.Release|Any CPU.ActiveCfg = Release|Any CPU
		{245EBD24-E80F-4BC6-9A3B-BA9D7F55E121}.Release|Any CPU.Build.0 = Release|Any CPU
		{CE1ED462-F7F9-46AC-B738-9BE04C0CCAD6}.Debug|Any CPU.ActiveCfg = Debug|Any CPU
		{CE1ED462-F7F9-46AC-B738-9BE04C0CCAD6}.Debug|Any CPU.Build.0 = Debug|Any CPU
		{CE1ED462-F7F9-46AC-B738-9BE04C0CCAD6}.Release|Any CPU.ActiveCfg = Release|Any CPU
		{CE1ED462-F7F9-46AC-B738-9BE04C0CCAD6}.Release|Any CPU.Build.0 = Release|Any CPU
		{1BC1F79E-0E17-4CDC-8731-78DB84FB0659}.Debug|Any CPU.ActiveCfg = Debug|Any CPU
		{1BC1F79E-0E17-4CDC-8731-78DB84FB0659}.Debug|Any CPU.Build.0 = Debug|Any CPU
		{1BC1F79E-0E17-4CDC-8731-78DB84FB0659}.Release|Any CPU.ActiveCfg = Release|Any CPU
		{1BC1F79E-0E17-4CDC-8731-78DB84FB0659}.Release|Any CPU.Build.0 = Release|Any CPU
		{D495ADD3-743F-482A-89FD-2C01A37DBDC3}.Debug|Any CPU.ActiveCfg = Debug|Any CPU
		{D495ADD3-743F-482A-89FD-2C01A37DBDC3}.Debug|Any CPU.Build.0 = Debug|Any CPU
		{D495ADD3-743F-482A-89FD-2C01A37DBDC3}.Release|Any CPU.ActiveCfg = Release|Any CPU
		{D495ADD3-743F-482A-89FD-2C01A37DBDC3}.Release|Any CPU.Build.0 = Release|Any CPU
		{A92F8D41-5C46-49B0-8CA5-6567845D74E9}.Debug|Any CPU.ActiveCfg = Debug|Any CPU
		{A92F8D41-5C46-49B0-8CA5-6567845D74E9}.Debug|Any CPU.Build.0 = Debug|Any CPU
		{A92F8D41-5C46-49B0-8CA5-6567845D74E9}.Release|Any CPU.ActiveCfg = Release|Any CPU
		{A92F8D41-5C46-49B0-8CA5-6567845D74E9}.Release|Any CPU.Build.0 = Release|Any CPU
		{6C5146AC-DC85-4C9C-89D5-8EBF90D02AD2}.Debug|Any CPU.ActiveCfg = Debug|Any CPU
		{6C5146AC-DC85-4C9C-89D5-8EBF90D02AD2}.Debug|Any CPU.Build.0 = Debug|Any CPU
		{6C5146AC-DC85-4C9C-89D5-8EBF90D02AD2}.Release|Any CPU.ActiveCfg = Release|Any CPU
		{6C5146AC-DC85-4C9C-89D5-8EBF90D02AD2}.Release|Any CPU.Build.0 = Release|Any CPU
		{3A19EA76-6E8C-4CC0-8706-9D5DC0D91276}.Debug|Any CPU.ActiveCfg = Debug|Any CPU
		{3A19EA76-6E8C-4CC0-8706-9D5DC0D91276}.Debug|Any CPU.Build.0 = Debug|Any CPU
		{3A19EA76-6E8C-4CC0-8706-9D5DC0D91276}.Release|Any CPU.ActiveCfg = Release|Any CPU
		{3A19EA76-6E8C-4CC0-8706-9D5DC0D91276}.Release|Any CPU.Build.0 = Release|Any CPU
		{CC4B6C90-8731-4DA4-9355-1566D0C3A930}.Debug|Any CPU.ActiveCfg = Debug|Any CPU
		{CC4B6C90-8731-4DA4-9355-1566D0C3A930}.Debug|Any CPU.Build.0 = Debug|Any CPU
		{CC4B6C90-8731-4DA4-9355-1566D0C3A930}.Release|Any CPU.ActiveCfg = Release|Any CPU
		{CC4B6C90-8731-4DA4-9355-1566D0C3A930}.Release|Any CPU.Build.0 = Release|Any CPU
		{A962F4F0-3DEF-4CA6-90EA-9A0BB2F704A3}.Debug|Any CPU.ActiveCfg = Debug|Any CPU
		{A962F4F0-3DEF-4CA6-90EA-9A0BB2F704A3}.Debug|Any CPU.Build.0 = Debug|Any CPU
		{A962F4F0-3DEF-4CA6-90EA-9A0BB2F704A3}.Release|Any CPU.ActiveCfg = Release|Any CPU
		{A962F4F0-3DEF-4CA6-90EA-9A0BB2F704A3}.Release|Any CPU.Build.0 = Release|Any CPU
		{0EFC7589-176F-4ADB-87BB-04C5AEC4B8B9}.Debug|Any CPU.ActiveCfg = Debug|Any CPU
		{0EFC7589-176F-4ADB-87BB-04C5AEC4B8B9}.Debug|Any CPU.Build.0 = Debug|Any CPU
		{0EFC7589-176F-4ADB-87BB-04C5AEC4B8B9}.Release|Any CPU.ActiveCfg = Release|Any CPU
		{0EFC7589-176F-4ADB-87BB-04C5AEC4B8B9}.Release|Any CPU.Build.0 = Release|Any CPU
		{2B2018E5-289B-4A4F-8BDC-5C9BA3ABC29F}.Debug|Any CPU.ActiveCfg = Debug|Any CPU
		{2B2018E5-289B-4A4F-8BDC-5C9BA3ABC29F}.Debug|Any CPU.Build.0 = Debug|Any CPU
		{2B2018E5-289B-4A4F-8BDC-5C9BA3ABC29F}.Release|Any CPU.ActiveCfg = Release|Any CPU
		{2B2018E5-289B-4A4F-8BDC-5C9BA3ABC29F}.Release|Any CPU.Build.0 = Release|Any CPU
	EndGlobalSection
	GlobalSection(SolutionProperties) = preSolution
		HideSolutionNode = FALSE
	EndGlobalSection
	GlobalSection(NestedProjects) = preSolution
		{ADC8C00A-4430-4C57-BAD8-23666F5BF156} = {67D60814-46F1-4427-8B98-02286347D260}
		{ADB69C51-3241-4D53-9407-268EEFBAA686} = {67D60814-46F1-4427-8B98-02286347D260}
		{607BF692-918D-4E70-8F00-ED986DC8A647} = {ADB69C51-3241-4D53-9407-268EEFBAA686}
		{04E73863-EE8A-4123-83F2-BE89A0A7DF0E} = {ADB69C51-3241-4D53-9407-268EEFBAA686}
		{641C2293-43DF-4E4F-AC15-4A3FC844AE61} = {ADB69C51-3241-4D53-9407-268EEFBAA686}
		{31B69561-4B6F-44BA-94E3-6D97C3A85F01} = {ADB69C51-3241-4D53-9407-268EEFBAA686}
		{245EBD24-E80F-4BC6-9A3B-BA9D7F55E121} = {ADC8C00A-4430-4C57-BAD8-23666F5BF156}
		{CE1ED462-F7F9-46AC-B738-9BE04C0CCAD6} = {ADC8C00A-4430-4C57-BAD8-23666F5BF156}
		{1BC1F79E-0E17-4CDC-8731-78DB84FB0659} = {ADC8C00A-4430-4C57-BAD8-23666F5BF156}
		{D495ADD3-743F-482A-89FD-2C01A37DBDC3} = {ADB69C51-3241-4D53-9407-268EEFBAA686}
		{A92F1D0B-4235-45B2-8626-75448F0DAC8C} = {67D60814-46F1-4427-8B98-02286347D260}
		{A92F8D41-5C46-49B0-8CA5-6567845D74E9} = {A92F1D0B-4235-45B2-8626-75448F0DAC8C}
		{6F28D62A-9B69-4078-91AE-9436406604AD} = {67D60814-46F1-4427-8B98-02286347D260}
		{6C5146AC-DC85-4C9C-89D5-8EBF90D02AD2} = {6F28D62A-9B69-4078-91AE-9436406604AD}
		{3A19EA76-6E8C-4CC0-8706-9D5DC0D91276} = {6F28D62A-9B69-4078-91AE-9436406604AD}
		{F4219570-E95C-4D61-A9E7-B2AD4193CBA1} = {67D60814-46F1-4427-8B98-02286347D260}
		{CC4B6C90-8731-4DA4-9355-1566D0C3A930} = {F4219570-E95C-4D61-A9E7-B2AD4193CBA1}
		{A962F4F0-3DEF-4CA6-90EA-9A0BB2F704A3} = {F4219570-E95C-4D61-A9E7-B2AD4193CBA1}
		{0EFC7589-176F-4ADB-87BB-04C5AEC4B8B9} = {F4219570-E95C-4D61-A9E7-B2AD4193CBA1}
		{F79CF3AE-5D17-466A-A0DB-99446B123B9F} = {67D60814-46F1-4427-8B98-02286347D260}
		{2B2018E5-289B-4A4F-8BDC-5C9BA3ABC29F} = {F79CF3AE-5D17-466A-A0DB-99446B123B9F}
	EndGlobalSection
	GlobalSection(ExtensibilityGlobals) = postSolution
		SolutionGuid = {35263835-9C59-4AEF-9061-2232A71A48B7}
	EndGlobalSection
EndGlobal
